
Microsoft Visual Studio Solution File, Format Version 12.00
# Visual Studio Version 17
VisualStudioVersion = 17.10.35122.118
MinimumVisualStudioVersion = 10.0.40219.1
Project("{FAE04EC0-301F-11D3-BF4B-00C04F79EFBC}") = "GCNet", "GCNet\GCNet.csproj", "{4E637AA7-DFAD-4015-90C4-857B51F81366}"
EndProject
Project("{FAE04EC0-301F-11D3-BF4B-00C04F79EFBC}") = "SerializeToJSONLikeSharpHound", "SerializeToJSONLikeSharpHound\SerializeToJSONLikeSharpHound.csproj", "{4FB827C4-46D2-4D13-9D80-0ED4CA2D0FF5}"
EndProject
Project("{9A19103F-16F7-4668-BE54-9A1E7A4F7556}") = "SharpHoundCommonLib", "SharpHoundCommon\src\CommonLib\SharpHoundCommonLib.csproj", "{423B8B9B-C184-4AE7-88A9-2B446D17CC71}"
EndProject
Project("{9A19103F-16F7-4668-BE54-9A1E7A4F7556}") = "SharpHoundRPC", "SharpHoundCommon\src\SharpHoundRPC\SharpHoundRPC.csproj", "{C4A26CB4-E46E-4C17-AF63-DF77717F609F}"
EndProject
Global
	GlobalSection(SolutionConfigurationPlatforms) = preSolution
		Debug|Any CPU = Debug|Any CPU
		Release|Any CPU = Release|Any CPU
	EndGlobalSection
	GlobalSection(ProjectConfigurationPlatforms) = postSolution
		{4E637AA7-DFAD-4015-90C4-857B51F81366}.Debug|Any CPU.ActiveCfg = Debug|Any CPU
		{4E637AA7-DFAD-4015-90C4-857B51F81366}.Debug|Any CPU.Build.0 = Debug|Any CPU
		{4E637AA7-DFAD-4015-90C4-857B51F81366}.Release|Any CPU.ActiveCfg = Release|Any CPU
		{4E637AA7-DFAD-4015-90C4-857B51F81366}.Release|Any CPU.Build.0 = Release|Any CPU
		{4FB827C4-46D2-4D13-9D80-0ED4CA2D0FF5}.Debug|Any CPU.ActiveCfg = Debug|Any CPU
		{4FB827C4-46D2-4D13-9D80-0ED4CA2D0FF5}.Debug|Any CPU.Build.0 = Debug|Any CPU
		{4FB827C4-46D2-4D13-9D80-0ED4CA2D0FF5}.Release|Any CPU.ActiveCfg = Release|Any CPU
		{4FB827C4-46D2-4D13-9D80-0ED4CA2D0FF5}.Release|Any CPU.Build.0 = Release|Any CPU
		{423B8B9B-C184-4AE7-88A9-2B446D17CC71}.Debug|Any CPU.ActiveCfg = Debug|Any CPU
		{423B8B9B-C184-4AE7-88A9-2B446D17CC71}.Debug|Any CPU.Build.0 = Debug|Any CPU
		{423B8B9B-C184-4AE7-88A9-2B446D17CC71}.Release|Any CPU.ActiveCfg = Release|Any CPU
		{423B8B9B-C184-4AE7-88A9-2B446D17CC71}.Release|Any CPU.Build.0 = Release|Any CPU
		{C4A26CB4-E46E-4C17-AF63-DF77717F609F}.Debug|Any CPU.ActiveCfg = Debug|Any CPU
		{C4A26CB4-E46E-4C17-AF63-DF77717F609F}.Debug|Any CPU.Build.0 = Debug|Any CPU
		{C4A26CB4-E46E-4C17-AF63-DF77717F609F}.Release|Any CPU.ActiveCfg = Release|Any CPU
		{C4A26CB4-E46E-4C17-AF63-DF77717F609F}.Release|Any CPU.Build.0 = Release|Any CPU
	EndGlobalSection
	GlobalSection(SolutionProperties) = preSolution
		HideSolutionNode = FALSE
	EndGlobalSection
	GlobalSection(ExtensibilityGlobals) = postSolution
		SolutionGuid = {3D85AFBE-1519-40E3-8A68-BFBA2EEB073D}
	EndGlobalSection
EndGlobal
